# THIS IS AN AUTOGENERATED FILE. DO NOT EDIT THIS FILE DIRECTLY.
# yarn lockfile v1


solid-js@^1.3.8:
  version "1.3.8"
  resolved "https://registry.yarnpkg.com/solid-js/-/solid-js-1.3.8.tgz#701744ed9e103d267d500b67b7c862dd8f887059"
  integrity sha512-cgQ7s++ccPfxcgqAzfguiHPJdnYPMM3z8flzNPH/yiZw/GpDir0fZEwINn0rbBTzzl95Q7l62K/6cjYFJwesyw==

typescript@^4.5.5:
  version "4.5.5"
  resolved "https://registry.yarnpkg.com/typescript/-/typescript-4.5.5.tgz#d8c953832d28924a9e3d37c73d729c846c5896f3"
  integrity sha512-TCTIul70LyWe6IJWT8QSYeA54WQe8EjQFU4wY52Fasj5UKx88LNYKCgBEHcOMOrFF1rKGbD8v/xcNWVUq9SymA==
